
Microsoft Visual Studio Solution File, Format Version 12.00
# Visual Studio Version 17
VisualStudioVersion = 17.11.35327.3
MinimumVisualStudioVersion = 10.0.40219.1
Project("{00D1A9C2-B5F0-4AF3-8072-F6C62B433612}") = "OTUS_MS_SQL", "OTUS_MS_SQL\OTUS_MS_SQL.sqlproj", "{75EC6AA5-D251-40B9-A6BE-818AF24EB450}"
EndProject
Project("{FAE04EC0-301F-11D3-BF4B-00C04F79EFBC}") = "WarehouseForAutoTourismCLR", "WarehouseForAutoTourismCLR\WarehouseForAutoTourismCLR.csproj", "{D11927F4-71B2-441C-8622-0BB89D3704D8}"
EndProject
Project("{FAE04EC0-301F-11D3-BF4B-00C04F79EFBC}") = "WareHouseConsoleApp", "WareHouseConsoleApp\WareHouseConsoleApp.csproj", "{15E4EB4E-DAC6-45D3-A708-06930784E48F}"
EndProject
Project("{D2ABAB84-BF74-430A-B69E-9DC6D40DDA17}") = "WideWorldImportersDW", "WideWorldImportersDW\WideWorldImportersDW.dwproj", "{F164BE20-3C86-46ED-903C-E770F3BA0724}"
EndProject
Project("{D2ABAB84-BF74-430A-B69E-9DC6D40DDA17}") = "MultidimensionalProject", "MultidimensionalProject\MultidimensionalProject.dwproj", "{8FF736EE-9776-46F9-8038-98000AB32E2C}"
EndProject
Project("{D2ABAB84-BF74-430A-B69E-9DC6D40DDA17}") = "HW_17_MultidimensionalProject", "HW_17_MultidimensionalProject\HW_17_MultidimensionalProject.dwproj", "{7AC04B5B-2285-4E71-9F04-B1489D6C7E17}"
EndProject
Project("{9A19103F-16F7-4668-BE54-9A1E7A4F7556}") = "TgmBot", "TgmBot\TgmBot.csproj", "{0583C1BA-E7FE-4E38-B93B-48E17D96C419}"
EndProject
Project("{FAE04EC0-301F-11D3-BF4B-00C04F79EFBC}") = "WebAppForBot", "WebAppForBot\WebAppForBot.csproj", "{19C044E4-6EA2-40C0-BE51-BA41D73F7585}"
EndProject
Global
	GlobalSection(SolutionConfigurationPlatforms) = preSolution
		Debug|Any CPU = Debug|Any CPU
		Development|Any CPU = Development|Any CPU
		Release|Any CPU = Release|Any CPU
	EndGlobalSection
	GlobalSection(ProjectConfigurationPlatforms) = postSolution
		{75EC6AA5-D251-40B9-A6BE-818AF24EB450}.Debug|Any CPU.ActiveCfg = Debug|Any CPU
		{75EC6AA5-D251-40B9-A6BE-818AF24EB450}.Debug|Any CPU.Build.0 = Debug|Any CPU
		{75EC6AA5-D251-40B9-A6BE-818AF24EB450}.Debug|Any CPU.Deploy.0 = Debug|Any CPU
		{75EC6AA5-D251-40B9-A6BE-818AF24EB450}.Development|Any CPU.ActiveCfg = Debug|Any CPU
		{75EC6AA5-D251-40B9-A6BE-818AF24EB450}.Development|Any CPU.Build.0 = Debug|Any CPU
		{75EC6AA5-D251-40B9-A6BE-818AF24EB450}.Development|Any CPU.Deploy.0 = Debug|Any CPU
		{75EC6AA5-D251-40B9-A6BE-818AF24EB450}.Release|Any CPU.ActiveCfg = Release|Any CPU
		{75EC6AA5-D251-40B9-A6BE-818AF24EB450}.Release|Any CPU.Build.0 = Release|Any CPU
		{75EC6AA5-D251-40B9-A6BE-818AF24EB450}.Release|Any CPU.Deploy.0 = Release|Any CPU
		{D11927F4-71B2-441C-8622-0BB89D3704D8}.Debug|Any CPU.ActiveCfg = Debug|Any CPU
		{D11927F4-71B2-441C-8622-0BB89D3704D8}.Debug|Any CPU.Build.0 = Debug|Any CPU
		{D11927F4-71B2-441C-8622-0BB89D3704D8}.Development|Any CPU.ActiveCfg = Debug|Any CPU
		{D11927F4-71B2-441C-8622-0BB89D3704D8}.Development|Any CPU.Build.0 = Debug|Any CPU
		{D11927F4-71B2-441C-8622-0BB89D3704D8}.Release|Any CPU.ActiveCfg = Release|Any CPU
		{D11927F4-71B2-441C-8622-0BB89D3704D8}.Release|Any CPU.Build.0 = Release|Any CPU
		{15E4EB4E-DAC6-45D3-A708-06930784E48F}.Debug|Any CPU.ActiveCfg = Debug|Any CPU
		{15E4EB4E-DAC6-45D3-A708-06930784E48F}.Debug|Any CPU.Build.0 = Debug|Any CPU
		{15E4EB4E-DAC6-45D3-A708-06930784E48F}.Development|Any CPU.ActiveCfg = Debug|Any CPU
		{15E4EB4E-DAC6-45D3-A708-06930784E48F}.Development|Any CPU.Build.0 = Debug|Any CPU
		{15E4EB4E-DAC6-45D3-A708-06930784E48F}.Release|Any CPU.ActiveCfg = Release|Any CPU
		{15E4EB4E-DAC6-45D3-A708-06930784E48F}.Release|Any CPU.Build.0 = Release|Any CPU
		{F164BE20-3C86-46ED-903C-E770F3BA0724}.Debug|Any CPU.ActiveCfg = Development
		{F164BE20-3C86-46ED-903C-E770F3BA0724}.Debug|Any CPU.Build.0 = Development
		{F164BE20-3C86-46ED-903C-E770F3BA0724}.Debug|Any CPU.Deploy.0 = Development
		{F164BE20-3C86-46ED-903C-E770F3BA0724}.Development|Any CPU.ActiveCfg = Development
		{F164BE20-3C86-46ED-903C-E770F3BA0724}.Development|Any CPU.Build.0 = Development
		{F164BE20-3C86-46ED-903C-E770F3BA0724}.Development|Any CPU.Deploy.0 = Development
		{F164BE20-3C86-46ED-903C-E770F3BA0724}.Release|Any CPU.ActiveCfg = Development
		{F164BE20-3C86-46ED-903C-E770F3BA0724}.Release|Any CPU.Build.0 = Development
		{F164BE20-3C86-46ED-903C-E770F3BA0724}.Release|Any CPU.Deploy.0 = Development
		{8FF736EE-9776-46F9-8038-98000AB32E2C}.Debug|Any CPU.ActiveCfg = Development
		{8FF736EE-9776-46F9-8038-98000AB32E2C}.Debug|Any CPU.Build.0 = Development
		{8FF736EE-9776-46F9-8038-98000AB32E2C}.Debug|Any CPU.Deploy.0 = Development
		{8FF736EE-9776-46F9-8038-98000AB32E2C}.Development|Any CPU.ActiveCfg = Development
		{8FF736EE-9776-46F9-8038-98000AB32E2C}.Development|Any CPU.Build.0 = Development
		{8FF736EE-9776-46F9-8038-98000AB32E2C}.Development|Any CPU.Deploy.0 = Development
		{8FF736EE-9776-46F9-8038-98000AB32E2C}.Release|Any CPU.ActiveCfg = Development
		{8FF736EE-9776-46F9-8038-98000AB32E2C}.Release|Any CPU.Build.0 = Development
		{8FF736EE-9776-46F9-8038-98000AB32E2C}.Release|Any CPU.Deploy.0 = Development
		{7AC04B5B-2285-4E71-9F04-B1489D6C7E17}.Debug|Any CPU.ActiveCfg = Development
		{7AC04B5B-2285-4E71-9F04-B1489D6C7E17}.Debug|Any CPU.Build.0 = Development
		{7AC04B5B-2285-4E71-9F04-B1489D6C7E17}.Debug|Any CPU.Deploy.0 = Development
		{7AC04B5B-2285-4E71-9F04-B1489D6C7E17}.Development|Any CPU.ActiveCfg = Development
		{7AC04B5B-2285-4E71-9F04-B1489D6C7E17}.Development|Any CPU.Build.0 = Development
		{7AC04B5B-2285-4E71-9F04-B1489D6C7E17}.Development|Any CPU.Deploy.0 = Development
		{7AC04B5B-2285-4E71-9F04-B1489D6C7E17}.Release|Any CPU.ActiveCfg = Development
		{7AC04B5B-2285-4E71-9F04-B1489D6C7E17}.Release|Any CPU.Build.0 = Development
		{7AC04B5B-2285-4E71-9F04-B1489D6C7E17}.Release|Any CPU.Deploy.0 = Development
		{0583C1BA-E7FE-4E38-B93B-48E17D96C419}.Debug|Any CPU.ActiveCfg = Debug|Any CPU
		{0583C1BA-E7FE-4E38-B93B-48E17D96C419}.Debug|Any CPU.Build.0 = Debug|Any CPU
		{0583C1BA-E7FE-4E38-B93B-48E17D96C419}.Development|Any CPU.ActiveCfg = Debug|Any CPU
		{0583C1BA-E7FE-4E38-B93B-48E17D96C419}.Development|Any CPU.Build.0 = Debug|Any CPU
		{0583C1BA-E7FE-4E38-B93B-48E17D96C419}.Release|Any CPU.ActiveCfg = Release|Any CPU
		{0583C1BA-E7FE-4E38-B93B-48E17D96C419}.Release|Any CPU.Build.0 = Release|Any CPU
		{19C044E4-6EA2-40C0-BE51-BA41D73F7585}.Debug|Any CPU.ActiveCfg = Debug|Any CPU
		{19C044E4-6EA2-40C0-BE51-BA41D73F7585}.Debug|Any CPU.Build.0 = Debug|Any CPU
		{19C044E4-6EA2-40C0-BE51-BA41D73F7585}.Development|Any CPU.ActiveCfg = Debug|Any CPU
		{19C044E4-6EA2-40C0-BE51-BA41D73F7585}.Development|Any CPU.Build.0 = Debug|Any CPU
		{19C044E4-6EA2-40C0-BE51-BA41D73F7585}.Release|Any CPU.ActiveCfg = Release|Any CPU
		{19C044E4-6EA2-40C0-BE51-BA41D73F7585}.Release|Any CPU.Build.0 = Release|Any CPU
	EndGlobalSection
	GlobalSection(SolutionProperties) = preSolution
		HideSolutionNode = FALSE
	EndGlobalSection
	GlobalSection(ExtensibilityGlobals) = postSolution
		SolutionGuid = {45B51A89-582E-4B4A-9777-30ADEA3CB036}
	EndGlobalSection
EndGlobal
